
Microsoft Visual Studio Solution File, Format Version 12.00
# Visual Studio Version 17
VisualStudioVersion = 17.1.32328.378
MinimumVisualStudioVersion = 10.0.40219.1
Project("{9A19103F-16F7-4668-BE54-9A1E7A4F7556}") = "EFModel", "EFModel\EFModel.csproj", "{D2511C12-1D95-4E15-9AB9-499CB0561558}"
EndProject
Project("{9A19103F-16F7-4668-BE54-9A1E7A4F7556}") = "CarRentalService", "CarRentalService\CarRentalService.csproj", "{1D18EFCC-B94D-407E-9352-31AC59C06554}"
EndProject
Global
	GlobalSection(SolutionConfigurationPlatforms) = preSolution
		Debug|Any CPU = Debug|Any CPU
		Release|Any CPU = Release|Any CPU
	EndGlobalSection
	GlobalSection(ProjectConfigurationPlatforms) = postSolution
		{D2511C12-1D95-4E15-9AB9-499CB0561558}.Debug|Any CPU.ActiveCfg = Debug|Any CPU
		{D2511C12-1D95-4E15-9AB9-499CB0561558}.Debug|Any CPU.Build.0 = Debug|Any CPU
		{D2511C12-1D95-4E15-9AB9-499CB0561558}.Release|Any CPU.ActiveCfg = Release|Any CPU
		{D2511C12-1D95-4E15-9AB9-499CB0561558}.Release|Any CPU.Build.0 = Release|Any CPU
		{1D18EFCC-B94D-407E-9352-31AC59C06554}.Debug|Any CPU.ActiveCfg = Debug|Any CPU
		{1D18EFCC-B94D-407E-9352-31AC59C06554}.Debug|Any CPU.Build.0 = Debug|Any CPU
		{1D18EFCC-B94D-407E-9352-31AC59C06554}.Release|Any CPU.ActiveCfg = Release|Any CPU
		{1D18EFCC-B94D-407E-9352-31AC59C06554}.Release|Any CPU.Build.0 = Release|Any CPU
	EndGlobalSection
	GlobalSection(SolutionProperties) = preSolution
		HideSolutionNode = FALSE
	EndGlobalSection
	GlobalSection(ExtensibilityGlobals) = postSolution
		SolutionGuid = {BCF8AC30-4144-4CC8-A029-B67EC4B1DD9F}
	EndGlobalSection
EndGlobal
