
Microsoft Visual Studio Solution File, Format Version 12.00
# Visual Studio Version 17
VisualStudioVersion = 17.1.32328.378
MinimumVisualStudioVersion = 10.0.40219.1
Project("{9A19103F-16F7-4668-BE54-9A1E7A4F7556}") = "CarRentalService", "CarRentalService.csproj", "{5189BDA2-0E29-44B6-B4B7-44BDA3F3E08E}"
EndProject
Project("{9A19103F-16F7-4668-BE54-9A1E7A4F7556}") = "EFModel", "..\EFModel\EFModel.csproj", "{031615EF-AA7E-4FE1-952E-96B0B0EFA127}"
EndProject
Global
	GlobalSection(SolutionConfigurationPlatforms) = preSolution
		Debug|Any CPU = Debug|Any CPU
		Release|Any CPU = Release|Any CPU
	EndGlobalSection
	GlobalSection(ProjectConfigurationPlatforms) = postSolution
		{5189BDA2-0E29-44B6-B4B7-44BDA3F3E08E}.Debug|Any CPU.ActiveCfg = Debug|Any CPU
		{5189BDA2-0E29-44B6-B4B7-44BDA3F3E08E}.Debug|Any CPU.Build.0 = Debug|Any CPU
		{5189BDA2-0E29-44B6-B4B7-44BDA3F3E08E}.Release|Any CPU.ActiveCfg = Release|Any CPU
		{5189BDA2-0E29-44B6-B4B7-44BDA3F3E08E}.Release|Any CPU.Build.0 = Release|Any CPU
		{031615EF-AA7E-4FE1-952E-96B0B0EFA127}.Debug|Any CPU.ActiveCfg = Debug|Any CPU
		{031615EF-AA7E-4FE1-952E-96B0B0EFA127}.Debug|Any CPU.Build.0 = Debug|Any CPU
		{031615EF-AA7E-4FE1-952E-96B0B0EFA127}.Release|Any CPU.ActiveCfg = Release|Any CPU
		{031615EF-AA7E-4FE1-952E-96B0B0EFA127}.Release|Any CPU.Build.0 = Release|Any CPU
	EndGlobalSection
	GlobalSection(SolutionProperties) = preSolution
		HideSolutionNode = FALSE
	EndGlobalSection
	GlobalSection(ExtensibilityGlobals) = postSolution
		SolutionGuid = {BCF8AC30-4144-4CC8-A029-B67EC4B1DD9F}
	EndGlobalSection
EndGlobal
